// !$*UTF8*$!
{
	archiveVersion = 1;
	classes = {
	};
	objectVersion = 46;
	objects = {

/* Begin PBXBuildFile section */
		6B3108591B27DF79001FE0F7 /* AppDelegate.swift in Sources */ = {isa = PBXBuildFile; fileRef = 6B3108581B27DF79001FE0F7 /* AppDelegate.swift */; };
		6B31085B1B27DF79001FE0F7 /* ViewController.swift in Sources */ = {isa = PBXBuildFile; fileRef = 6B31085A1B27DF79001FE0F7 /* ViewController.swift */; };
		6B31085E1B27DF79001FE0F7 /* Main.storyboard in Resources */ = {isa = PBXBuildFile; fileRef = 6B31085C1B27DF79001FE0F7 /* Main.storyboard */; };
		6B3108601B27DF79001FE0F7 /* Images.xcassets in Resources */ = {isa = PBXBuildFile; fileRef = 6B31085F1B27DF79001FE0F7 /* Images.xcassets */; };
		6B3108631B27DF79001FE0F7 /* LaunchScreen.xib in Resources */ = {isa = PBXBuildFile; fileRef = 6B3108611B27DF79001FE0F7 /* LaunchScreen.xib */; };
		6B31086F1B27DF7A001FE0F7 /* ChineseZodiacTests.swift in Sources */ = {isa = PBXBuildFile; fileRef = 6B31086E1B27DF7A001FE0F7 /* ChineseZodiacTests.swift */; };
/* End PBXBuildFile section */

/* Begin PBXContainerItemProxy section */
		6B3108691B27DF7A001FE0F7 /* PBXContainerItemProxy */ = {
			isa = PBXContainerItemProxy;
			containerPortal = 6B31084B1B27DF79001FE0F7 /* Project object */;
			proxyType = 1;
			remoteGlobalIDString = 6B3108521B27DF79001FE0F7;
			remoteInfo = ChineseZodiac;
		};
/* End PBXContainerItemProxy section */

/* Begin PBXFileReference section */
		6B3108531B27DF79001FE0F7 /* ChineseZodiac.app */ = {isa = PBXFileReference; explicitFileType = wrapper.application; includeInIndex = 0; path = ChineseZodiac.app; sourceTree = BUILT_PRODUCTS_DIR; };
		6B3108571B27DF79001FE0F7 /* Info.plist */ = {isa = PBXFileReference; lastKnownFileType = text.plist.xml; path = Info.plist; sourceTree = "<group>"; };
		6B3108581B27DF79001FE0F7 /* AppDelegate.swift */ = {isa = PBXFileReference; lastKnownFileType = sourcecode.swift; path = AppDelegate.swift; sourceTree = "<group>"; };
		6B31085A1B27DF79001FE0F7 /* ViewController.swift */ = {isa = PBXFileReference; lastKnownFileType = sourcecode.swift; path = ViewController.swift; sourceTree = "<group>"; };
		6B31085D1B27DF79001FE0F7 /* Base */ = {isa = PBXFileReference; lastKnownFileType = file.storyboard; name = Base; path = Base.lproj/Main.storyboard; sourceTree = "<group>"; };
		6B31085F1B27DF79001FE0F7 /* Images.xcassets */ = {isa = PBXFileReference; lastKnownFileType = folder.assetcatalog; path = Images.xcassets; sourceTree = "<group>"; };
		6B3108621B27DF79001FE0F7 /* Base */ = {isa = PBXFileReference; lastKnownFileType = file.xib; name = Base; path = Base.lproj/LaunchScreen.xib; sourceTree = "<group>"; };
		6B3108681B27DF7A001FE0F7 /* ChineseZodiacTests.xctest */ = {isa = PBXFileReference; explicitFileType = wrapper.cfbundle; includeInIndex = 0; path = ChineseZodiacTests.xctest; sourceTree = BUILT_PRODUCTS_DIR; };
		6B31086D1B27DF7A001FE0F7 /* Info.plist */ = {isa = PBXFileReference; lastKnownFileType = text.plist.xml; path = Info.plist; sourceTree = "<group>"; };
		6B31086E1B27DF7A001FE0F7 /* ChineseZodiacTests.swift */ = {isa = PBXFileReference; lastKnownFileType = sourcecode.swift; path = ChineseZodiacTests.swift; sourceTree = "<group>"; };
/* End PBXFileReference section */

/* Begin PBXFrameworksBuildPhase section */
		6B3108501B27DF79001FE0F7 /* Frameworks */ = {
			isa = PBXFrameworksBuildPhase;
			buildActionMask = 2147483647;
			files = (
			);
			runOnlyForDeploymentPostprocessing = 0;
		};
		6B3108651B27DF7A001FE0F7 /* Frameworks */ = {
			isa = PBXFrameworksBuildPhase;
			buildActionMask = 2147483647;
			files = (
			);
			runOnlyForDeploymentPostprocessing = 0;
		};
/* End PBXFrameworksBuildPhase section */

/* Begin PBXGroup section */
		6B31084A1B27DF79001FE0F7 = {
			isa = PBXGroup;
			children = (
				6B3108551B27DF79001FE0F7 /* ChineseZodiac */,
				6B31086B1B27DF7A001FE0F7 /* ChineseZodiacTests */,
				6B3108541B27DF79001FE0F7 /* Products */,
			);
			sourceTree = "<group>";
		};
		6B3108541B27DF79001FE0F7 /* Products */ = {
			isa = PBXGroup;
			children = (
				6B3108531B27DF79001FE0F7 /* ChineseZodiac.app */,
				6B3108681B27DF7A001FE0F7 /* ChineseZodiacTests.xctest */,
			);
			name = Products;
			sourceTree = "<group>";
		};
		6B3108551B27DF79001FE0F7 /* ChineseZodiac */ = {
			isa = PBXGroup;
			children = (
				6B3108581B27DF79001FE0F7 /* AppDelegate.swift */,
				6B31085A1B27DF79001FE0F7 /* ViewController.swift */,
				6B31085C1B27DF79001FE0F7 /* Main.storyboard */,
				6B31085F1B27DF79001FE0F7 /* Images.xcassets */,
				6B3108611B27DF79001FE0F7 /* LaunchScreen.xib */,
				6B3108561B27DF79001FE0F7 /* Supporting Files */,
			);
			path = ChineseZodiac;
			sourceTree = "<group>";
		};
		6B3108561B27DF79001FE0F7 /* Supporting Files */ = {
			isa = PBXGroup;
			children = (
				6B3108571B27DF79001FE0F7 /* Info.plist */,
			);
			name = "Supporting Files";
			sourceTree = "<group>";
		};
		6B31086B1B27DF7A001FE0F7 /* ChineseZodiacTests */ = {
			isa = PBXGroup;
			children = (
				6B31086E1B27DF7A001FE0F7 /* ChineseZodiacTests.swift */,
				6B31086C1B27DF7A001FE0F7 /* Supporting Files */,
			);
			path = ChineseZodiacTests;
			sourceTree = "<group>";
		};
		6B31086C1B27DF7A001FE0F7 /* Supporting Files */ = {
			isa = PBXGroup;
			children = (
				6B31086D1B27DF7A001FE0F7 /* Info.plist */,
			);
			name = "Supporting Files";
			sourceTree = "<group>";
		};
/* End PBXGroup section */

/* Begin PBXNativeTarget section */
		6B3108521B27DF79001FE0F7 /* ChineseZodiac */ = {
			isa = PBXNativeTarget;
			buildConfigurationList = 6B3108721B27DF7A001FE0F7 /* Build configuration list for PBXNativeTarget "ChineseZodiac" */;
			buildPhases = (
				6B31084F1B27DF79001FE0F7 /* Sources */,
				6B3108501B27DF79001FE0F7 /* Frameworks */,
				6B3108511B27DF79001FE0F7 /* Resources */,
			);
			buildRules = (
			);
			dependencies = (
			);
			name = ChineseZodiac;
			productName = ChineseZodiac;
			productReference = 6B3108531B27DF79001FE0F7 /* ChineseZodiac.app */;
			productType = "com.apple.product-type.application";
		};
		6B3108671B27DF7A001FE0F7 /* ChineseZodiacTests */ = {
			isa = PBXNativeTarget;
			buildConfigurationList = 6B3108751B27DF7A001FE0F7 /* Build configuration list for PBXNativeTarget "ChineseZodiacTests" */;
			buildPhases = (
				6B3108641B27DF7A001FE0F7 /* Sources */,
				6B3108651B27DF7A001FE0F7 /* Frameworks */,
				6B3108661B27DF7A001FE0F7 /* Resources */,
			);
			buildRules = (
			);
			dependencies = (
				6B31086A1B27DF7A001FE0F7 /* PBXTargetDependency */,
			);
			name = ChineseZodiacTests;
			productName = ChineseZodiacTests;
			productReference = 6B3108681B27DF7A001FE0F7 /* ChineseZodiacTests.xctest */;
			productType = "com.apple.product-type.bundle.unit-test";
		};
/* End PBXNativeTarget section */

/* Begin PBXProject section */
		6B31084B1B27DF79001FE0F7 /* Project object */ = {
			isa = PBXProject;
			attributes = {
				LastUpgradeCheck = 0630;
				ORGANIZATIONNAME = CJS;
				TargetAttributes = {
					6B3108521B27DF79001FE0F7 = {
						CreatedOnToolsVersion = 6.3.2;
					};
					6B3108671B27DF7A001FE0F7 = {
						CreatedOnToolsVersion = 6.3.2;
						TestTargetID = 6B3108521B27DF79001FE0F7;
					};
				};
			};
			buildConfigurationList = 6B31084E1B27DF79001FE0F7 /* Build configuration list for PBXProject "ChineseZodiac" */;
			compatibilityVersion = "Xcode 3.2";
			developmentRegion = English;
			hasScannedForEncodings = 0;
			knownRegions = (
				en,
				Base,
			);
			mainGroup = 6B31084A1B27DF79001FE0F7;
			productRefGroup = 6B3108541B27DF79001FE0F7 /* Products */;
			projectDirPath = "";
			projectRoot = "";
			targets = (
				6B3108521B27DF79001FE0F7 /* ChineseZodiac */,
				6B3108671B27DF7A001FE0F7 /* ChineseZodiacTests */,
			);
		};
/* End PBXProject section */

/* Begin PBXResourcesBuildPhase section */
		6B3108511B27DF79001FE0F7 /* Resources */ = {
			isa = PBXResourcesBuildPhase;
			buildActionMask = 2147483647;
			files = (
				6B31085E1B27DF79001FE0F7 /* Main.storyboard in Resources */,
				6B3108631B27DF79001FE0F7 /* LaunchScreen.xib in Resources */,
				6B3108601B27DF79001FE0F7 /* Images.xcassets in Resources */,
			);
			runOnlyForDeploymentPostprocessing = 0;
		};
		6B3108661B27DF7A001FE0F7 /* Resources */ = {
			isa = PBXResourcesBuildPhase;
			buildActionMask = 2147483647;
			files = (
			);
			runOnlyForDeploymentPostprocessing = 0;
		};
/* End PBXResourcesBuildPhase section */

/* Begin PBXSourcesBuildPhase section */
		6B31084F1B27DF79001FE0F7 /* Sources */ = {
			isa = PBXSourcesBuildPhase;
			buildActionMask = 2147483647;
			files = (
				6B31085B1B27DF79001FE0F7 /* ViewController.swift in Sources */,
				6B3108591B27DF79001FE0F7 /* AppDelegate.swift in Sources */,
			);
			runOnlyForDeploymentPostprocessing = 0;
		};
		6B3108641B27DF7A001FE0F7 /* Sources */ = {
			isa = PBXSourcesBuildPhase;
			buildActionMask = 2147483647;
			files = (
				6B31086F1B27DF7A001FE0F7 /* ChineseZodiacTests.swift in Sources */,
			);
			runOnlyForDeploymentPostprocessing = 0;
		};
/* End PBXSourcesBuildPhase section */

/* Begin PBXTargetDependency section */
		6B31086A1B27DF7A001FE0F7 /* PBXTargetDependency */ = {
			isa = PBXTargetDependency;
			target = 6B3108521B27DF79001FE0F7 /* ChineseZodiac */;
			targetProxy = 6B3108691B27DF7A001FE0F7 /* PBXContainerItemProxy */;
		};
/* End PBXTargetDependency section */

/* Begin PBXVariantGroup section */
		6B31085C1B27DF79001FE0F7 /* Main.storyboard */ = {
			isa = PBXVariantGroup;
			children = (
				6B31085D1B27DF79001FE0F7 /* Base */,
			);
			name = Main.storyboard;
			sourceTree = "<group>";
		};
		6B3108611B27DF79001FE0F7 /* LaunchScreen.xib */ = {
			isa = PBXVariantGroup;
			children = (
				6B3108621B27DF79001FE0F7 /* Base */,
			);
			name = LaunchScreen.xib;
			sourceTree = "<group>";
		};
/* End PBXVariantGroup section */

/* Begin XCBuildConfiguration section */
		6B3108701B27DF7A001FE0F7 /* Debug */ = {
			isa = XCBuildConfiguration;
			buildSettings = {
				ALWAYS_SEARCH_USER_PATHS = NO;
				CLANG_CXX_LANGUAGE_STANDARD = "gnu++0x";
				CLANG_CXX_LIBRARY = "libc++";
				CLANG_ENABLE_MODULES = YES;
				CLANG_ENABLE_OBJC_ARC = YES;
				CLANG_WARN_BOOL_CONVERSION = YES;
				CLANG_WARN_CONSTANT_CONVERSION = YES;
				CLANG_WARN_DIRECT_OBJC_ISA_USAGE = YES_ERROR;
				CLANG_WARN_EMPTY_BODY = YES;
				CLANG_WARN_ENUM_CONVERSION = YES;
				CLANG_WARN_INT_CONVERSION = YES;
				CLANG_WARN_OBJC_ROOT_CLASS = YES_ERROR;
				CLANG_WARN_UNREACHABLE_CODE = YES;
				CLANG_WARN__DUPLICATE_METHOD_MATCH = YES;
				"CODE_SIGN_IDENTITY[sdk=iphoneos*]" = "iPhone Developer";
				COPY_PHASE_STRIP = NO;
				DEBUG_INFORMATION_FORMAT = "dwarf-with-dsym";
				ENABLE_STRICT_OBJC_MSGSEND = YES;
				GCC_C_LANGUAGE_STANDARD = gnu99;
				GCC_DYNAMIC_NO_PIC = NO;
				GCC_NO_COMMON_BLOCKS = YES;
				GCC_OPTIMIZATION_LEVEL = 0;
				GCC_PREPROCESSOR_DEFINITIONS = (
					"DEBUG=1",
					"$(inherited)",
				);
				GCC_SYMBOLS_PRIVATE_EXTERN = NO;
				GCC_WARN_64_TO_32_BIT_CONVERSION = YES;
				GCC_WARN_ABOUT_RETURN_TYPE = YES_ERROR;
				GCC_WARN_UNDECLARED_SELECTOR = YES;
				GCC_WARN_UNINITIALIZED_AUTOS = YES_AGGRESSIVE;
				GCC_WARN_UNUSED_FUNCTION = YES;
				GCC_WARN_UNUSED_VARIABLE = YES;
				IPHONEOS_DEPLOYMENT_TARGET = 8.3;
				MTL_ENABLE_DEBUG_INFO = YES;
				ONLY_ACTIVE_ARCH = YES;
				SDKROOT = iphoneos;
				SWIFT_OPTIMIZATION_LEVEL = "-Onone";
			};
			name = Debug;
		};
		6B3108711B27DF7A001FE0F7 /* Release */ = {
			isa = XCBuildConfiguration;
			buildSettings = {
				ALWAYS_SEARCH_USER_PATHS = NO;
				CLANG_CXX_LANGUAGE_STANDARD = "gnu++0x";
				CLANG_CXX_LIBRARY = "libc++";
				CLANG_ENABLE_MODULES = YES;
				CLANG_ENABLE_OBJC_ARC = YES;
				CLANG_WARN_BOOL_CONVERSION = YES;
				CLANG_WARN_CONSTANT_CONVERSION = YES;
				CLANG_WARN_DIRECT_OBJC_ISA_USAGE = YES_ERROR;
				CLANG_WARN_EMPTY_BODY = YES;
				CLANG_WARN_ENUM_CONVERSION = YES;
				CLANG_WARN_INT_CONVERSION = YES;
				CLANG_WARN_OBJC_ROOT_CLASS = YES_ERROR;
				CLANG_WARN_UNREACHABLE_CODE = YES;
				CLANG_WARN__DUPLICATE_METHOD_MATCH = YES;
				"CODE_SIGN_IDENTITY[sdk=iphoneos*]" = "iPhone Developer";
				COPY_PHASE_STRIP = NO;
				DEBUG_INFORMATION_FORMAT = "dwarf-with-dsym";
				ENABLE_NS_ASSERTIONS = NO;
				ENABLE_STRICT_OBJC_MSGSEND = YES;
				GCC_C_LANGUAGE_STANDARD = gnu99;
				GCC_NO_COMMON_BLOCKS = YES;
				GCC_WARN_64_TO_32_BIT_CONVERSION = YES;
				GCC_WARN_ABOUT_RETURN_TYPE = YES_ERROR;
				GCC_WARN_UNDECLARED_SELECTOR = YES;
				GCC_WARN_UNINITIALIZED_AUTOS = YES_AGGRESSIVE;
				GCC_WARN_UNUSED_FUNCTION = YES;
				GCC_WARN_UNUSED_VARIABLE = YES;
				IPHONEOS_DEPLOYMENT_TARGET = 8.3;
				MTL_ENABLE_DEBUG_INFO = NO;
				SDKROOT = iphoneos;
				VALIDATE_PRODUCT = YES;
			};
			name = Release;
		};
		6B3108731B27DF7A001FE0F7 /* Debug */ = {
			isa = XCBuildConfiguration;
			buildSettings = {
				ASSETCATALOG_COMPILER_APPICON_NAME = AppIcon;
				INFOPLIST_FILE = ChineseZodiac/Info.plist;
				LD_RUNPATH_SEARCH_PATHS = "$(inherited) @executable_path/Frameworks";
				PRODUCT_NAME = "$(TARGET_NAME)";
			};
			name = Debug;
		};
		6B3108741B27DF7A001FE0F7 /* Release */ = {
			isa = XCBuildConfiguration;
			buildSettings = {
				ASSETCATALOG_COMPILER_APPICON_NAME = AppIcon;
				INFOPLIST_FILE = ChineseZodiac/Info.plist;
				LD_RUNPATH_SEARCH_PATHS = "$(inherited) @executable_path/Frameworks";
				PRODUCT_NAME = "$(TARGET_NAME)";
			};
			name = Release;
		};
		6B3108761B27DF7A001FE0F7 /* Debug */ = {
			isa = XCBuildConfiguration;
			buildSettings = {
				BUNDLE_LOADER = "$(TEST_HOST)";
				FRAMEWORK_SEARCH_PATHS = (
					"$(SDKROOT)/Developer/Library/Frameworks",
					"$(inherited)",
				);
				GCC_PREPROCESSOR_DEFINITIONS = (
					"DEBUG=1",
					"$(inherited)",
				);
				INFOPLIST_FILE = ChineseZodiacTests/Info.plist;
				LD_RUNPATH_SEARCH_PATHS = "$(inherited) @executable_path/Frameworks @loader_path/Frameworks";
				PRODUCT_NAME = "$(TARGET_NAME)";
				TEST_HOST = "$(BUILT_PRODUCTS_DIR)/ChineseZodiac.app/ChineseZodiac";
			};
			name = Debug;
		};
		6B3108771B27DF7A001FE0F7 /* Release */ = {
			isa = XCBuildConfiguration;
			buildSettings = {
				BUNDLE_LOADER = "$(TEST_HOST)";
				FRAMEWORK_SEARCH_PATHS = (
					"$(SDKROOT)/Developer/Library/Frameworks",
					"$(inherited)",
				);
				INFOPLIST_FILE = ChineseZodiacTests/Info.plist;
				LD_RUNPATH_SEARCH_PATHS = "$(inherited) @executable_path/Frameworks @loader_path/Frameworks";
				PRODUCT_NAME = "$(TARGET_NAME)";
				TEST_HOST = "$(BUILT_PRODUCTS_DIR)/ChineseZodiac.app/ChineseZodiac";
			};
			name = Release;
		};
/* End XCBuildConfiguration section */

/* Begin XCConfigurationList section */
		6B31084E1B27DF79001FE0F7 /* Build configuration list for PBXProject "ChineseZodiac" */ = {
			isa = XCConfigurationList;
			buildConfigurations = (
				6B3108701B27DF7A001FE0F7 /* Debug */,
				6B3108711B27DF7A001FE0F7 /* Release */,
			);
			defaultConfigurationIsVisible = 0;
			defaultConfigurationName = Release;
		};
		6B3108721B27DF7A001FE0F7 /* Build configuration list for PBXNativeTarget "ChineseZodiac" */ = {
			isa = XCConfigurationList;
			buildConfigurations = (
				6B3108731B27DF7A001FE0F7 /* Debug */,
				6B3108741B27DF7A001FE0F7 /* Release */,
			);
			defaultConfigurationIsVisible = 0;
		};
		6B3108751B27DF7A001FE0F7 /* Build configuration list for PBXNativeTarget "ChineseZodiacTests" */ = {
			isa = XCConfigurationList;
			buildConfigurations = (
				6B3108761B27DF7A001FE0F7 /* Debug */,
				6B3108771B27DF7A001FE0F7 /* Release */,
			);
			defaultConfigurationIsVisible = 0;
		};
/* End XCConfigurationList section */
	};
	rootObject = 6B31084B1B27DF79001FE0F7 /* Project object */;
}
